<?xml version="1.0" encoding="utf-8"?>
<Project ToolsVersion="4.0" xmlns="http://schemas.microsoft.com/developer/msbuild/2003">
  <ItemGroup>
    <Filter Include="Source Files">
      <UniqueIdentifier>{4FC737F1-C7A5-4376-A066-2A32D752A2FF}</UniqueIdentifier>
      <Extensions>cpp;c;cc;cxx;def;odl;idl;hpj;bat;asm;asmx</Extensions>
    </Filter>
    <Filter Include="Physics">
      <UniqueIdentifier>{f81e8bc4-4727-4ead-9c88-8ffa366f7515}</UniqueIdentifier>
    </Filter>
    <Filter Include="GameObject">
      <UniqueIdentifier>{f55c7f1f-a14e-485a-ab3c-978c933971cd}</UniqueIdentifier>
    </Filter>
    <Filter Include="Utility">
      <UniqueIdentifier>{f41ef56d-b61b-4b8a-ab02-939bf7ab8329}</UniqueIdentifier>
    </Filter>
    <Filter Include="Scene">
      <UniqueIdentifier>{7f07e9d1-e456-46da-b37d-1e41719356bd}</UniqueIdentifier>
    </Filter>
    <Filter Include="Shader">
      <UniqueIdentifier>{9813a7f1-8ed0-486f-bcd3-116651b0638a}</UniqueIdentifier>
    </Filter>
    <Filter Include="Model">
      <UniqueIdentifier>{41f31291-2184-49f2-8328-585b17ff3433}</UniqueIdentifier>
    </Filter>
    <Filter Include="Texture">
      <UniqueIdentifier>{fdac380d-0d21-435b-9a07-638ab24d8d0a}</UniqueIdentifier>
    </Filter>
    <Filter Include="Math">
      <UniqueIdentifier>{30c8491b-66fc-4c25-8b6e-f3bf9557af78}</UniqueIdentifier>
    </Filter>
    <Filter Include="Font">
      <UniqueIdentifier>{66a4d1ee-04ba-4ff4-8e5c-e09daf5a764f}</UniqueIdentifier>
    </Filter>
  </ItemGroup>
  <ItemGroup>
    <ClCompile Include="..\..\External\glad\src\glad.c">
      <Filter>Source Files</Filter>
    </ClCompile>
    <ClCompile Include="Utility\FileReader.cpp">
      <Filter>Utility</Filter>
    </ClCompile>
    <ClCompile Include="Scene\SceneManager.cpp">
      <Filter>Scene</Filter>
    </ClCompile>
    <ClCompile Include="Shader\Shader.cpp">
      <Filter>Shader</Filter>
    </ClCompile>
    <ClCompile Include="Model\Model.cpp">
      <Filter>Model</Filter>
    </ClCompile>
    <ClCompile Include="Texture\BasicTexture.cpp">
      <Filter>Texture</Filter>
    </ClCompile>
    <ClCompile Include="Shader\BasicShader.cpp">
      <Filter>Shader</Filter>
    </ClCompile>
    <ClCompile Include="Engine.cpp" />
    <ClCompile Include="GameObject\Camera.cpp">
      <Filter>GameObject</Filter>
    </ClCompile>
    <ClCompile Include="Math\Matrix.cpp">
      <Filter>Math</Filter>
    </ClCompile>
    <ClCompile Include="Utility\LuaFileReader.cpp">
      <Filter>Utility</Filter>
    </ClCompile>
    <ClCompile Include="Math\VectorXZ.cpp">
      <Filter>Math</Filter>
    </ClCompile>
    <ClCompile Include="Shader\SkyboxShader.cpp">
      <Filter>Shader</Filter>
    </ClCompile>
    <ClCompile Include="Texture\CubeTexture.cpp">
      <Filter>Texture</Filter>
    </ClCompile>
    <ClCompile Include="Math\Ray.cpp">
      <Filter>Math</Filter>
    </ClCompile>
    <ClCompile Include="Shader\WaterShader.cpp">
      <Filter>Shader</Filter>
    </ClCompile>
    <ClCompile Include="Utility\Random.cpp">
      <Filter>Utility</Filter>
    </ClCompile>
    <ClCompile Include="Utility\NoiseGenerator.cpp">
      <Filter>Utility</Filter>
    </ClCompile>
    <ClCompile Include="Physics\AABB.cpp">
      <Filter>Physics</Filter>
    </ClCompile>
    <ClCompile Include="Math\Math.cpp">
      <Filter>Math</Filter>
    </ClCompile>
    <ClCompile Include="Physics\Rigidbody.cpp">
      <Filter>Physics</Filter>
    </ClCompile>
    <ClCompile Include="Utility\Timer.cpp">
      <Filter>Utility</Filter>
    </ClCompile>
    <ClCompile Include="Font\Font.cpp">
      <Filter>Font</Filter>
    </ClCompile>
    <ClCompile Include="Shader\FontShader.cpp">
      <Filter>Shader</Filter>
    </ClCompile>
  </ItemGroup>
  <ItemGroup>
    <ClInclude Include="GameObject\GameObject.h">
      <Filter>GameObject</Filter>
    </ClInclude>
    <ClInclude Include="Physics\AABB.h">
      <Filter>Physics</Filter>
    </ClInclude>
    <ClInclude Include="Utility\Array2D.h">
      <Filter>Utility</Filter>
    </ClInclude>
    <ClInclude Include="Utility\FileReader.h">
      <Filter>Utility</Filter>
    </ClInclude>
    <ClInclude Include="Scene\IGameScene.h">
      <Filter>Scene</Filter>
    </ClInclude>
    <ClInclude Include="Scene\IGameScene_inline.h">
      <Filter>Scene</Filter>
    </ClInclude>
    <ClInclude Include="Scene\SceneManager.h">
      <Filter>Scene</Filter>
    </ClInclude>
    <ClInclude Include="Shader\Shader.h">
      <Filter>Shader</Filter>
    </ClInclude>
    <ClInclude Include="Utility\NonCopyable.h">
      <Filter>Utility</Filter>
    </ClInclude>
    <ClInclude Include="Model\Mesh.h">
      <Filter>Model</Filter>
    </ClInclude>
    <ClInclude Include="Model\Model.h">
      <Filter>Model</Filter>
    </ClInclude>
    <ClInclude Include="Texture\BasicTexture.h">
      <Filter>Texture</Filter>
    </ClInclude>
    <ClInclude Include="Shader\BasicShader.h">
      <Filter>Shader</Filter>
    </ClInclude>
    <ClInclude Include="Engine.h" />
    <ClInclude Include="GameObject\Camera.h">
      <Filter>GameObject</Filter>
    </ClInclude>
    <ClInclude Include="Math\Matrix.h">
      <Filter>Math</Filter>
    </ClInclude>
    <ClInclude Include="Utility\LuaFileReader.h">
      <Filter>Utility</Filter>
    </ClInclude>
    <ClInclude Include="Utility\NonMovable.h">
      <Filter>Utility</Filter>
    </ClInclude>
    <ClInclude Include="Utility\Singleton.h">
      <Filter>Utility</Filter>
    </ClInclude>
    <ClInclude Include="Math\VectorXZ.h">
      <Filter>Math</Filter>
    </ClInclude>
    <ClInclude Include="Shader\SkyboxShader.h">
      <Filter>Shader</Filter>
    </ClInclude>
    <ClInclude Include="Texture\CubeTexture.h">
      <Filter>Texture</Filter>
    </ClInclude>
    <ClInclude Include="Math\Ray.h">
      <Filter>Math</Filter>
    </ClInclude>
    <ClInclude Include="Shader\WaterShader.h">
      <Filter>Shader</Filter>
    </ClInclude>
    <ClInclude Include="Utility\Random.h">
      <Filter>Utility</Filter>
    </ClInclude>
    <ClInclude Include="Utility\NoiseGenerator.h">
      <Filter>Utility</Filter>
    </ClInclude>
    <ClInclude Include="Math\Math.h">
      <Filter>Math</Filter>
    </ClInclude>
    <ClInclude Include="Physics\Rigidbody.h">
      <Filter>Physics</Filter>
    </ClInclude>
    <ClInclude Include="Utility\Timer.h">
      <Filter>Utility</Filter>
    </ClInclude>
    <ClInclude Include="Font\Font.h">
      <Filter>Font</Filter>
    </ClInclude>
    <ClInclude Include="Shader\FontShader.h">
      <Filter>Shader</Filter>
    </ClInclude>
  </ItemGroup>
</Project>