<?xml version="1.0" encoding="utf-8"?>
<Project ToolsVersion="4.0" xmlns="http://schemas.microsoft.com/developer/msbuild/2003">
  <ItemGroup>
    <Filter Include="Source Files">
      <UniqueIdentifier>{4FC737F1-C7A5-4376-A066-2A32D752A2FF}</UniqueIdentifier>
      <Extensions>cpp;c;cc;cxx;def;odl;idl;hpj;bat;asm;asmx</Extensions>
    </Filter>
    <Filter Include="Scene">
      <UniqueIdentifier>{0dd96128-4fb4-47d5-8790-afc2764645fd}</UniqueIdentifier>
    </Filter>
    <Filter Include="LaiCraft">
      <UniqueIdentifier>{84e9c7cf-eb73-411e-9942-83c1525412e8}</UniqueIdentifier>
    </Filter>
    <Filter Include="UI">
      <UniqueIdentifier>{865da053-9eb7-47d5-b816-074a5216efe3}</UniqueIdentifier>
    </Filter>
    <Filter Include="RenderingSystem">
      <UniqueIdentifier>{d60f9fbf-6400-45c5-b867-abcd17bcfe30}</UniqueIdentifier>
    </Filter>
    <Filter Include="CharacterSystem">
      <UniqueIdentifier>{75313ad2-8c20-4fbb-ab16-317feda1f5f1}</UniqueIdentifier>
    </Filter>
    <Filter Include="WorldMapSystem">
      <UniqueIdentifier>{93d12fba-8a25-45ba-aa44-9adf5842e62b}</UniqueIdentifier>
    </Filter>
    <Filter Include="WorldMapSystem\Block">
      <UniqueIdentifier>{73f2f324-711d-4f13-b4ff-d128bc5298d7}</UniqueIdentifier>
    </Filter>
    <Filter Include="WorldMapSystem\Chunk">
      <UniqueIdentifier>{471bdc94-ab64-4bd9-a63b-44164cce5f6a}</UniqueIdentifier>
    </Filter>
    <Filter Include="WorldMapSystem\Block\BlockFactory">
      <UniqueIdentifier>{40dd252c-314f-4423-9b71-11c06499a1df}</UniqueIdentifier>
    </Filter>
    <Filter Include="BaseClass">
      <UniqueIdentifier>{f07c18ae-e009-4fb4-9b3f-6eaa8401a843}</UniqueIdentifier>
    </Filter>
    <Filter Include="WorldMapSystem\World">
      <UniqueIdentifier>{6e869f2d-09d5-4bb3-9e11-b0c3b8f8f9bd}</UniqueIdentifier>
    </Filter>
    <Filter Include="WorldMapSystem\Generator">
      <UniqueIdentifier>{a4be4061-671e-4b77-9c1b-de878057fb5d}</UniqueIdentifier>
    </Filter>
    <Filter Include="WorldMapSystem\Generator\Terrain">
      <UniqueIdentifier>{805deacd-bfb8-4f64-9405-e52146925a26}</UniqueIdentifier>
    </Filter>
    <Filter Include="WorldMapSystem\Generator\Biome">
      <UniqueIdentifier>{f5d42d85-d310-4e2b-8526-d816256e4ef5}</UniqueIdentifier>
    </Filter>
    <Filter Include="WorldMapSystem\Generator\Structures">
      <UniqueIdentifier>{5292fe00-df0e-48b4-a53d-ce3006d5cdc8}</UniqueIdentifier>
    </Filter>
    <Filter Include="ItemSystem">
      <UniqueIdentifier>{85911cd1-47c2-4076-8960-7916c00650e5}</UniqueIdentifier>
    </Filter>
  </ItemGroup>
  <ItemGroup>
    <ClCompile Include="main.cpp">
      <Filter>Source Files</Filter>
    </ClCompile>
    <ClCompile Include="Scene\GamingScene.cpp">
      <Filter>Scene</Filter>
    </ClCompile>
    <ClCompile Include="LaiCraft\GameEngine.cpp">
      <Filter>LaiCraft</Filter>
    </ClCompile>
    <ClCompile Include="LaiCraft\LaiCraftGame.cpp">
      <Filter>LaiCraft</Filter>
    </ClCompile>
    <ClCompile Include="UI\TestUI.cpp">
      <Filter>UI</Filter>
    </ClCompile>
    <ClCompile Include="RenderingSystem\RenderingSystem.cpp">
      <Filter>RenderingSystem</Filter>
    </ClCompile>
    <ClCompile Include="RenderingSystem\SkyboxRenderer.cpp">
      <Filter>RenderingSystem</Filter>
    </ClCompile>
    <ClCompile Include="CharacterSystem\CharacterSystem.cpp">
      <Filter>CharacterSystem</Filter>
    </ClCompile>
    <ClCompile Include="CharacterSystem\Character.cpp">
      <Filter>CharacterSystem</Filter>
    </ClCompile>
    <ClCompile Include="RenderingSystem\BlockRenderer.cpp">
      <Filter>RenderingSystem</Filter>
    </ClCompile>
    <ClCompile Include="WorldMapSystem\WorldMapSystem.cpp">
      <Filter>WorldMapSystem</Filter>
    </ClCompile>
    <ClCompile Include="WorldMapSystem\Block\BlockData.cpp">
      <Filter>WorldMapSystem\Block</Filter>
    </ClCompile>
    <ClCompile Include="WorldMapSystem\Block\ChunkBlock.cpp">
      <Filter>WorldMapSystem\Block</Filter>
    </ClCompile>
    <ClCompile Include="WorldMapSystem\Block\IBlock.cpp">
      <Filter>WorldMapSystem\Block</Filter>
    </ClCompile>
    <ClCompile Include="WorldMapSystem\Block\BlockFactory\BlockFactory.cpp">
      <Filter>WorldMapSystem\Block\BlockFactory</Filter>
    </ClCompile>
    <ClCompile Include="WorldMapSystem\Block\BlockFactory\DirtBlock.cpp">
      <Filter>WorldMapSystem\Block\BlockFactory</Filter>
    </ClCompile>
    <ClCompile Include="BaseClass\IUserInterface.cpp">
      <Filter>BaseClass</Filter>
    </ClCompile>
    <ClCompile Include="WorldMapSystem\Chunk\ChunkManager.cpp">
      <Filter>WorldMapSystem\Chunk</Filter>
    </ClCompile>
    <ClCompile Include="WorldMapSystem\Chunk\Chunk.cpp">
      <Filter>WorldMapSystem\Chunk</Filter>
    </ClCompile>
    <ClCompile Include="WorldMapSystem\Chunk\ChunkSection.cpp">
      <Filter>WorldMapSystem\Chunk</Filter>
    </ClCompile>
    <ClCompile Include="WorldMapSystem\World\World.cpp">
      <Filter>WorldMapSystem\World</Filter>
    </ClCompile>
    <ClCompile Include="WorldMapSystem\Generator\Terrain\TestGenerator.cpp">
      <Filter>WorldMapSystem\Generator\Terrain</Filter>
    </ClCompile>
    <ClCompile Include="WorldMapSystem\Block\BlockFactory\GrassBlock.cpp">
      <Filter>WorldMapSystem\Block\BlockFactory</Filter>
    </ClCompile>
    <ClCompile Include="WorldMapSystem\Generator\Terrain\ClassicWorldGenerator.cpp">
      <Filter>WorldMapSystem\Generator\Terrain</Filter>
    </ClCompile>
    <ClCompile Include="WorldMapSystem\Block\BlockFactory\CactusBlock.cpp">
      <Filter>WorldMapSystem\Block\BlockFactory</Filter>
    </ClCompile>
    <ClCompile Include="WorldMapSystem\Block\BlockFactory\GravelBlock.cpp">
      <Filter>WorldMapSystem\Block\BlockFactory</Filter>
    </ClCompile>
    <ClCompile Include="WorldMapSystem\Block\BlockFactory\LeafBlock.cpp">
      <Filter>WorldMapSystem\Block\BlockFactory</Filter>
    </ClCompile>
    <ClCompile Include="WorldMapSystem\Block\BlockFactory\SandBlock.cpp">
      <Filter>WorldMapSystem\Block\BlockFactory</Filter>
    </ClCompile>
    <ClCompile Include="WorldMapSystem\Block\BlockFactory\TrunkBlock.cpp">
      <Filter>WorldMapSystem\Block\BlockFactory</Filter>
    </ClCompile>
    <ClCompile Include="WorldMapSystem\Block\BlockFactory\WaterBlock.cpp">
      <Filter>WorldMapSystem\Block\BlockFactory</Filter>
    </ClCompile>
    <ClCompile Include="WorldMapSystem\Generator\Biome\Biome.cpp">
      <Filter>WorldMapSystem\Generator\Biome</Filter>
    </ClCompile>
    <ClCompile Include="WorldMapSystem\Generator\Biome\DesertBiome.cpp">
      <Filter>WorldMapSystem\Generator\Biome</Filter>
    </ClCompile>
    <ClCompile Include="WorldMapSystem\Generator\Biome\GrasslandBiome.cpp">
      <Filter>WorldMapSystem\Generator\Biome</Filter>
    </ClCompile>
    <ClCompile Include="WorldMapSystem\Generator\Biome\LightForestBiome.cpp">
      <Filter>WorldMapSystem\Generator\Biome</Filter>
    </ClCompile>
    <ClCompile Include="WorldMapSystem\Generator\Biome\OceanBiome.cpp">
      <Filter>WorldMapSystem\Generator\Biome</Filter>
    </ClCompile>
    <ClCompile Include="WorldMapSystem\Generator\Biome\TemperateForestBiome.cpp">
      <Filter>WorldMapSystem\Generator\Biome</Filter>
    </ClCompile>
    <ClCompile Include="WorldMapSystem\Generator\Structures\StructureBuilder.cpp">
      <Filter>WorldMapSystem\Generator\Structures</Filter>
    </ClCompile>
    <ClCompile Include="WorldMapSystem\Generator\Structures\TreeGenerator.cpp">
      <Filter>WorldMapSystem\Generator\Structures</Filter>
    </ClCompile>
    <ClCompile Include="RenderingSystem\WaterRenderer.cpp">
      <Filter>RenderingSystem</Filter>
    </ClCompile>
    <ClCompile Include="ItemSystem\ItemSystem.cpp">
      <Filter>ItemSystem</Filter>
    </ClCompile>
    <ClCompile Include="ItemSystem\ItemStack.cpp">
      <Filter>ItemSystem</Filter>
    </ClCompile>
    <ClCompile Include="ItemSystem\Material.cpp">
      <Filter>ItemSystem</Filter>
    </ClCompile>
    <ClCompile Include="UI\ItemUI.cpp">
      <Filter>UI</Filter>
    </ClCompile>
  </ItemGroup>
  <ItemGroup>
    <ClInclude Include="Scene\GamingScene.h">
      <Filter>Scene</Filter>
    </ClInclude>
    <ClInclude Include="LaiCraft\GameEngine.h">
      <Filter>LaiCraft</Filter>
    </ClInclude>
    <ClInclude Include="LaiCraft\LaiCraftGame.h">
      <Filter>LaiCraft</Filter>
    </ClInclude>
    <ClInclude Include="UI\TestUI.h">
      <Filter>UI</Filter>
    </ClInclude>
    <ClInclude Include="RenderingSystem\RenderingSystem.h">
      <Filter>RenderingSystem</Filter>
    </ClInclude>
    <ClInclude Include="RenderingSystem\SkyboxRenderer.h">
      <Filter>RenderingSystem</Filter>
    </ClInclude>
    <ClInclude Include="CharacterSystem\CharacterSystem.h">
      <Filter>CharacterSystem</Filter>
    </ClInclude>
    <ClInclude Include="CharacterSystem\Character.h">
      <Filter>CharacterSystem</Filter>
    </ClInclude>
    <ClInclude Include="WorldMapSystem\WorldConstants.h">
      <Filter>WorldMapSystem</Filter>
    </ClInclude>
    <ClInclude Include="RenderingSystem\BlockRenderer.h">
      <Filter>RenderingSystem</Filter>
    </ClInclude>
    <ClInclude Include="WorldMapSystem\WorldMapSystem.h">
      <Filter>WorldMapSystem</Filter>
    </ClInclude>
    <ClInclude Include="WorldMapSystem\Block\BlockData.h">
      <Filter>WorldMapSystem\Block</Filter>
    </ClInclude>
    <ClInclude Include="WorldMapSystem\Block\ChunkBlock.h">
      <Filter>WorldMapSystem\Block</Filter>
    </ClInclude>
    <ClInclude Include="WorldMapSystem\Block\IBlock.h">
      <Filter>WorldMapSystem\Block</Filter>
    </ClInclude>
    <ClInclude Include="WorldMapSystem\Block\BlockFactory\BlockFactory.h">
      <Filter>WorldMapSystem\Block\BlockFactory</Filter>
    </ClInclude>
    <ClInclude Include="WorldMapSystem\Block\BlockFactory\DirtBlock.h">
      <Filter>WorldMapSystem\Block\BlockFactory</Filter>
    </ClInclude>
    <ClInclude Include="BaseClass\IGameSystem.h">
      <Filter>BaseClass</Filter>
    </ClInclude>
    <ClInclude Include="BaseClass\IUserInterface.h">
      <Filter>BaseClass</Filter>
    </ClInclude>
    <ClInclude Include="WorldMapSystem\Chunk\ChunkManager.h">
      <Filter>WorldMapSystem\Chunk</Filter>
    </ClInclude>
    <ClInclude Include="WorldMapSystem\Chunk\Chunk.h">
      <Filter>WorldMapSystem\Chunk</Filter>
    </ClInclude>
    <ClInclude Include="WorldMapSystem\Chunk\ChunkSection.h">
      <Filter>WorldMapSystem\Chunk</Filter>
    </ClInclude>
    <ClInclude Include="WorldMapSystem\Block\BlockType.h">
      <Filter>WorldMapSystem\Block</Filter>
    </ClInclude>
    <ClInclude Include="WorldMapSystem\World\World.h">
      <Filter>WorldMapSystem\World</Filter>
    </ClInclude>
    <ClInclude Include="WorldMapSystem\Generator\Terrain\TerrainGenerator.h">
      <Filter>WorldMapSystem\Generator\Terrain</Filter>
    </ClInclude>
    <ClInclude Include="WorldMapSystem\Generator\Terrain\TestGenerator.h">
      <Filter>WorldMapSystem\Generator\Terrain</Filter>
    </ClInclude>
    <ClInclude Include="WorldMapSystem\Block\BlockFactory\GrassBlock.h">
      <Filter>WorldMapSystem\Block\BlockFactory</Filter>
    </ClInclude>
    <ClInclude Include="WorldMapSystem\Generator\Terrain\ClassicWorldGenerator.h">
      <Filter>WorldMapSystem\Generator\Terrain</Filter>
    </ClInclude>
    <ClInclude Include="WorldMapSystem\Block\BlockFactory\CactusBlock.h">
      <Filter>WorldMapSystem\Block\BlockFactory</Filter>
    </ClInclude>
    <ClInclude Include="WorldMapSystem\Block\BlockFactory\GravelBlock.h">
      <Filter>WorldMapSystem\Block\BlockFactory</Filter>
    </ClInclude>
    <ClInclude Include="WorldMapSystem\Block\BlockFactory\LeafBlock.h">
      <Filter>WorldMapSystem\Block\BlockFactory</Filter>
    </ClInclude>
    <ClInclude Include="WorldMapSystem\Block\BlockFactory\SandBlock.h">
      <Filter>WorldMapSystem\Block\BlockFactory</Filter>
    </ClInclude>
    <ClInclude Include="WorldMapSystem\Block\BlockFactory\TrunkBlock.h">
      <Filter>WorldMapSystem\Block\BlockFactory</Filter>
    </ClInclude>
    <ClInclude Include="WorldMapSystem\Block\BlockFactory\WaterBlock.h">
      <Filter>WorldMapSystem\Block\BlockFactory</Filter>
    </ClInclude>
    <ClInclude Include="WorldMapSystem\Generator\Biome\Biome.h">
      <Filter>WorldMapSystem\Generator\Biome</Filter>
    </ClInclude>
    <ClInclude Include="WorldMapSystem\Generator\Biome\DesertBiome.h">
      <Filter>WorldMapSystem\Generator\Biome</Filter>
    </ClInclude>
    <ClInclude Include="WorldMapSystem\Generator\Biome\GrasslandBiome.h">
      <Filter>WorldMapSystem\Generator\Biome</Filter>
    </ClInclude>
    <ClInclude Include="WorldMapSystem\Generator\Biome\LightForestBiome.h">
      <Filter>WorldMapSystem\Generator\Biome</Filter>
    </ClInclude>
    <ClInclude Include="WorldMapSystem\Generator\Biome\OceanBiome.h">
      <Filter>WorldMapSystem\Generator\Biome</Filter>
    </ClInclude>
    <ClInclude Include="WorldMapSystem\Generator\Biome\TemperateForestBiome.h">
      <Filter>WorldMapSystem\Generator\Biome</Filter>
    </ClInclude>
    <ClInclude Include="WorldMapSystem\Generator\Structures\StructureBuilder.h">
      <Filter>WorldMapSystem\Generator\Structures</Filter>
    </ClInclude>
    <ClInclude Include="WorldMapSystem\Generator\Structures\TreeGenerator.h">
      <Filter>WorldMapSystem\Generator\Structures</Filter>
    </ClInclude>
    <ClInclude Include="RenderingSystem\WaterRenderer.h">
      <Filter>RenderingSystem</Filter>
    </ClInclude>
    <ClInclude Include="ItemSystem\ItemSystem.h">
      <Filter>ItemSystem</Filter>
    </ClInclude>
    <ClInclude Include="ItemSystem\ItemStack.h">
      <Filter>ItemSystem</Filter>
    </ClInclude>
    <ClInclude Include="ItemSystem\Material.h">
      <Filter>ItemSystem</Filter>
    </ClInclude>
    <ClInclude Include="UI\ItemUI.h">
      <Filter>UI</Filter>
    </ClInclude>
  </ItemGroup>
</Project>