<?xml version="1.0" encoding="utf-8"?>
<Project ToolsVersion="4.0" xmlns="http://schemas.microsoft.com/developer/msbuild/2003">
  <ItemGroup>
    <Filter Include="Source Files">
      <UniqueIdentifier>{4FC737F1-C7A5-4376-A066-2A32D752A2FF}</UniqueIdentifier>
      <Extensions>cpp;c;cc;cxx;def;odl;idl;hpj;bat;asm;asmx</Extensions>
    </Filter>
    <Filter Include="Scene">
      <UniqueIdentifier>{0dd96128-4fb4-47d5-8790-afc2764645fd}</UniqueIdentifier>
    </Filter>
    <Filter Include="LaiCraft">
      <UniqueIdentifier>{84e9c7cf-eb73-411e-9942-83c1525412e8}</UniqueIdentifier>
    </Filter>
    <Filter Include="BaseClass">
      <UniqueIdentifier>{fc56b782-4129-41ce-817a-15b361043d31}</UniqueIdentifier>
    </Filter>
    <Filter Include="Renderer">
      <UniqueIdentifier>{d60f9fbf-6400-45c5-b867-abcd17bcfe30}</UniqueIdentifier>
    </Filter>
    <Filter Include="UI">
      <UniqueIdentifier>{865da053-9eb7-47d5-b816-074a5216efe3}</UniqueIdentifier>
    </Filter>
  </ItemGroup>
  <ItemGroup>
    <ClCompile Include="main.cpp">
      <Filter>Source Files</Filter>
    </ClCompile>
    <ClCompile Include="Scene\GamingScene.cpp">
      <Filter>Scene</Filter>
    </ClCompile>
    <ClCompile Include="LaiCraft\GameEngine.cpp">
      <Filter>LaiCraft</Filter>
    </ClCompile>
    <ClCompile Include="LaiCraft\LaiCraftGame.cpp">
      <Filter>LaiCraft</Filter>
    </ClCompile>
    <ClCompile Include="Renderer\RenderingSystem.cpp">
      <Filter>Renderer</Filter>
    </ClCompile>
    <ClCompile Include="UI\TestUI.cpp">
      <Filter>UI</Filter>
    </ClCompile>
    <ClCompile Include="Renderer\SkyboxRenderer.cpp">
      <Filter>Renderer</Filter>
    </ClCompile>
    <ClCompile Include="Renderer\QuadRenderer.cpp">
      <Filter>Renderer</Filter>
    </ClCompile>
    <ClCompile Include="BaseClass\IUserInterface.cpp">
      <Filter>BaseClass</Filter>
    </ClCompile>
  </ItemGroup>
  <ItemGroup>
    <ClInclude Include="Scene\GamingScene.h">
      <Filter>Scene</Filter>
    </ClInclude>
    <ClInclude Include="LaiCraft\GameEngine.h">
      <Filter>LaiCraft</Filter>
    </ClInclude>
    <ClInclude Include="LaiCraft\LaiCraftGame.h">
      <Filter>LaiCraft</Filter>
    </ClInclude>
    <ClInclude Include="Renderer\RenderingSystem.h">
      <Filter>Renderer</Filter>
    </ClInclude>
    <ClInclude Include="BaseClass\IGameSystem.h">
      <Filter>BaseClass</Filter>
    </ClInclude>
    <ClInclude Include="BaseClass\IUserInterface.h">
      <Filter>BaseClass</Filter>
    </ClInclude>
    <ClInclude Include="UI\TestUI.h">
      <Filter>UI</Filter>
    </ClInclude>
    <ClInclude Include="Renderer\SkyboxRenderer.h">
      <Filter>Renderer</Filter>
    </ClInclude>
    <ClInclude Include="Renderer\QuadRenderer.h">
      <Filter>Renderer</Filter>
    </ClInclude>
  </ItemGroup>
</Project>